<?xml version="1.0" encoding="utf-8"?>
<Project ToolsVersion="4.0" xmlns="http://schemas.microsoft.com/developer/msbuild/2003">
  <ItemGroup>
    <Filter Include="Source Files">
      <Extensions>cpp;c;cc;cxx;def;odl;idl;hpj;bat;asm;asmx;*</Extensions>
      <UniqueIdentifier>{E10CB9FB-4852-4353-85F5-667D4D2A13DD}</UniqueIdentifier>
    </Filter>
    <Filter Include="Header Files">
      <Extensions>h;hpp;hxx;hm;inl;inc;xsd</Extensions>
      <UniqueIdentifier>{EC8940D8-5E2B-49AB-AB85-7CABCAE698D1}</UniqueIdentifier>
    </Filter>
    <Filter Include="Resource Files">
      <Extensions>rc;ico;cur;bmp;dlg;rc2;rct;bin;rgs;gif;jpg;jpeg;jpe;resx;tiff;tif;png;wav;mfcribbon-ms;man;xml</Extensions>
      <UniqueIdentifier>{42A1FDF4-6DB4-41B2-9423-8002A20D1B0D}</UniqueIdentifier>
    </Filter>
    <Filter Include="Driver Files">
      <Extensions>inf;inv;inx;mof;mc;</Extensions>
      <UniqueIdentifier>{FD9F921C-D1EF-421B-A692-F23423B32E64}</UniqueIdentifier>
    </Filter>
    <Filter Include="Header Files\Mieze">
      <UniqueIdentifier>{7760f199-d449-46c6-a833-8f546622e0da}</UniqueIdentifier>
    </Filter>
    <Filter Include="Source Files\Mieze">
      <UniqueIdentifier>{bea8b48d-e768-4cfc-960f-e1d2b4f47c3f}</UniqueIdentifier>
    </Filter>
  </ItemGroup>
  <ItemGroup>
    <Inf Include="rt8125.inx">
      <Filter>Driver Files</Filter>
    </Inf>
  </ItemGroup>
  <ItemGroup>
    <ResourceCompile Include="rt8125.rc">
      <Filter>Resource Files</Filter>
    </ResourceCompile>
  </ItemGroup>
  <ItemGroup>
    <None Include="*.txt;*.htm;*.html" />
  </ItemGroup>
  <ItemGroup>
    <ClCompile Include="adapter.cpp">
      <Filter>Source Files</Filter>
    </ClCompile>
    <ClCompile Include="device.cpp">
      <Filter>Source Files</Filter>
    </ClCompile>
    <ClCompile Include="driver.cpp">
      <Filter>Source Files</Filter>
    </ClCompile>
    <ClCompile Include="power.cpp">
      <Filter>Source Files</Filter>
    </ClCompile>
    <ClCompile Include="rxqueue.cpp">
      <Filter>Source Files</Filter>
    </ClCompile>
    <ClCompile Include="txqueue.cpp">
      <Filter>Source Files</Filter>
    </ClCompile>
    <ClCompile Include="LucyRTL8125Linux-900501.cpp">
      <Filter>Source Files\Mieze</Filter>
    </ClCompile>
  </ItemGroup>
  <ItemGroup>
    <ClInclude Include="adapter.h">
      <Filter>Header Files</Filter>
    </ClInclude>
    <ClInclude Include="device.h">
      <Filter>Header Files</Filter>
    </ClInclude>
    <ClInclude Include="forward.h">
      <Filter>Header Files</Filter>
    </ClInclude>
    <ClInclude Include="power.h">
      <Filter>Header Files</Filter>
    </ClInclude>
    <ClInclude Include="precomp.h">
      <Filter>Header Files</Filter>
    </ClInclude>
    <ClInclude Include="common.h">
      <Filter>Header Files</Filter>
    </ClInclude>
    <ClInclude Include="rxqueue.h">
      <Filter>Header Files</Filter>
    </ClInclude>
    <ClInclude Include="trace.h">
      <Filter>Header Files</Filter>
    </ClInclude>
    <ClInclude Include="txqueue.h">
      <Filter>Header Files</Filter>
    </ClInclude>
    <ClInclude Include="ethertool.h">
      <Filter>Header Files\Mieze</Filter>
    </ClInclude>
    <ClInclude Include="if_ether.h">
      <Filter>Header Files\Mieze</Filter>
    </ClInclude>
    <ClInclude Include="mii.h">
      <Filter>Header Files\Mieze</Filter>
    </ClInclude>
    <ClInclude Include="r8125_dash.h">
      <Filter>Header Files\Mieze</Filter>
    </ClInclude>
    <ClInclude Include="LucyRTL8125Linux-900501.hpp">
      <Filter>Header Files\Mieze</Filter>
    </ClInclude>
    <ClInclude Include="linux.h">
      <Filter>Header Files</Filter>
    </ClInclude>
  </ItemGroup>
</Project>